version = 1
revision = 3
requires-python = ">=3.7"

[[package]]
name = "pyo3"
source = { virtual = "." }

[package.dev-dependencies]
dev = [
    { name = "rumdl" },
]

[package.metadata]

[package.metadata.requires-dev]
dev = [{ name = "rumdl" }]

[[package]]
name = "rumdl"
version = "0.1.18"
source = { registry = "https://pypi.org/simple" }
sdist = { url = "https://files.pythonhosted.org/packages/9a/c3/158d42dba6a56969a4b90f1155f8d0f4269a507f5a7e9cce51b6e9de2c7c/rumdl-0.1.18.tar.gz", hash = "sha256:2186b293d3d25701b1c08e17bee05b578cad70af92289465180903883018c31e", size = 2014401, upload-time = "2026-02-10T21:30:33.051Z" }
wheels = [
    { url = "https://files.pythonhosted.org/packages/d1/d6/13d9d405dc122cc1a0d18d4aa926162d7995cd45eae1d196d276588560e1/rumdl-0.1.18-py3-none-macosx_10_12_x86_64.whl", hash = "sha256:19af9b3461dd8126b85fc3878325ae5df1beae8f43da809a25befe691f948dae", size = 5082050, upload-time = "2026-02-10T21:30:25.987Z" },
    { url = "https://files.pythonhosted.org/packages/41/2c/5e023ad1b1560d218e6c9cc2a444d554540c9a0adf83e405ed570d76ee7c/rumdl-0.1.18-py3-none-macosx_11_0_arm64.whl", hash = "sha256:86c956adb58e30260d27b6a2a0e701fc864d52cfc8bfaa1ec92616e5ce94cf6f", size = 4719172, upload-time = "2026-02-10T21:30:19.756Z" },
    { url = "https://files.pythonhosted.org/packages/15/87/66d770655e5ed990fa3b138fc48dc1c24519a3f3c424697a8c58e9c4c614/rumdl-0.1.18-py3-none-manylinux_2_28_aarch64.whl", hash = "sha256:e4f54e24939c470fa54d9a7a046b0c79ff49d01af21711af76e697abea81e05a", size = 4930433, upload-time = "2026-02-10T21:30:22.45Z" },
    { url = "https://files.pythonhosted.org/packages/22/cc/3a7124780c28b29bf0b5bd849d6a4dd3a3387ae2b784b4f7eef3f70d3ab2/rumdl-0.1.18-py3-none-manylinux_2_28_x86_64.whl", hash = "sha256:5b41c4bb829defa164f6cb49ec99de442d92ccfb314991e6aa28fcdbc8e7cbed", size = 5306530, upload-time = "2026-02-10T21:30:29.297Z" },
    { url = "https://files.pythonhosted.org/packages/38/35/a1c4d82c3027a71af81bd96baf1a8804fd1a6930a080824d561e4139770a/rumdl-0.1.18-py3-none-musllinux_1_2_aarch64.whl", hash = "sha256:71e21c628ebb3cced862bda8ab2f12562d464c43186419cf4c85c7bac67d4461", size = 4917539, upload-time = "2026-02-10T21:30:24.594Z" },
    { url = "https://files.pythonhosted.org/packages/07/6b/422060a8d795db61054c6fc6735d75707f3efd4bf68dd3fa702e637870af/rumdl-0.1.18-py3-none-musllinux_1_2_x86_64.whl", hash = "sha256:a051ce3ecf3348b120d8d61356e8b5f1193adb6e30ebbc64695142178b1a391d", size = 5294762, upload-time = "2026-02-10T21:30:31.241Z" },
    { url = "https://files.pythonhosted.org/packages/40/54/f6f252ab0e52f050cabf4e9b4093e0375cb01fa8328057093607daa3890c/rumdl-0.1.18-py3-none-win_amd64.whl", hash = "sha256:c0d1242a4092cab192a6b5a286eceb13e45ee2f39411ad335d2102b39481ba93", size = 5364940, upload-time = "2026-02-10T21:30:27.442Z" },
]
