version = 1
revision = 3
requires-python = ">=3.9"

[[package]]
name = "pyo3"
source = { virtual = "." }

[package.dev-dependencies]
dev = [
    { name = "rumdl" },
    { name = "typos" },
]

[package.metadata]

[package.metadata.requires-dev]
dev = [
    { name = "rumdl" },
    { name = "typos" },
]

[[package]]
name = "rumdl"
version = "0.1.19"
source = { registry = "https://pypi.org/simple" }
sdist = { url = "https://files.pythonhosted.org/packages/c8/07/4bf96260b18f5e16f2430c57da6fe5ae97c7f0d169e9cec84f6b08a1ba1a/rumdl-0.1.19.tar.gz", hash = "sha256:3ebcf864e3694c7a726a33c1355479fd65a9ec51d23d24e212c76c335cbdaac5", size = 2031623, upload-time = "2026-02-13T04:01:25.191Z" }
wheels = [
    { url = "https://files.pythonhosted.org/packages/24/3e/1aebafc781899eefe0fe067947675436f048ad42ea6b50b5f5bdafd8a5b2/rumdl-0.1.19-py3-none-macosx_10_12_x86_64.whl", hash = "sha256:72814337d9a8528305c16654f041ce6eed6e0b081d079222ae4fb40095075cbc", size = 5096535, upload-time = "2026-02-13T04:01:20.061Z" },
    { url = "https://files.pythonhosted.org/packages/f2/66/c6c1f552e4ede138aa3d275f3e1d1d8affb5cc64756d07dd83f0b5f7ecb3/rumdl-0.1.19-py3-none-macosx_11_0_arm64.whl", hash = "sha256:271c5d01890fa4b7f9d64e3153c50c0d3d1924e0e6fb6e81009a8c89e6166bcf", size = 4729805, upload-time = "2026-02-13T04:01:14.653Z" },
    { url = "https://files.pythonhosted.org/packages/b6/b8/6b0fef7db6f3f8be982a4b722f0b211d52c50707b7336a2ed1ee016957d4/rumdl-0.1.19-py3-none-manylinux_2_28_aarch64.whl", hash = "sha256:c90a48d50769ef4fccae8a82f9822e873417dccfe141ef4ffe6f9f99d9644e16", size = 4942889, upload-time = "2026-02-13T04:01:16.648Z" },
    { url = "https://files.pythonhosted.org/packages/54/a1/099967131f14023e3aec37d6463967771c56985a2fee3bca57d6a8fa6ab8/rumdl-0.1.19-py3-none-manylinux_2_28_x86_64.whl", hash = "sha256:512fb1f8a4075aa7b7e28fb2422800a781f947077c98353cee09281e088968b2", size = 5313469, upload-time = "2026-02-13T04:01:22.563Z" },
    { url = "https://files.pythonhosted.org/packages/6b/bb/9f9a8f55b98a89ad514b407497c176dc81a1d970116adb8769593f6321c3/rumdl-0.1.19-py3-none-musllinux_1_2_aarch64.whl", hash = "sha256:8ca8b1d7c142704c74850fc0a57db8104e73626f6afbf326330c1f2287570d7b", size = 4931251, upload-time = "2026-02-13T04:01:18.248Z" },
    { url = "https://files.pythonhosted.org/packages/d0/45/bb5fa6563676d3fef2ba7ea8dacb3626ec60d241e247a372d54ef0b1aab9/rumdl-0.1.19-py3-none-musllinux_1_2_x86_64.whl", hash = "sha256:d502e60386e02aace44f2aa048954598aa859a6b8fed2a7b9ed7957adb186142", size = 5307665, upload-time = "2026-02-13T04:01:23.711Z" },
    { url = "https://files.pythonhosted.org/packages/0d/7c/f0cc6d564638bb131b4ae0adcc369d0f0c7795006f98dc9b007bc98fad35/rumdl-0.1.19-py3-none-win_amd64.whl", hash = "sha256:a82901a651007e63f57f7985c5944f6b639fd77ce5ff809574564cfa2c247868", size = 5375583, upload-time = "2026-02-13T04:01:21.365Z" },
]

[[package]]
name = "typos"
version = "1.47.2"
source = { registry = "https://pypi.org/simple" }
sdist = { url = "https://files.pythonhosted.org/packages/77/9b/ae967bee92f0db3916350bd433f700cc0cd2942d51a22f3bfafbc97392f6/typos-1.47.2.tar.gz", hash = "sha256:d303e8c495ea870f750d8b37f2d3c3fe2441b00cf18ca5d7e0b52eca1938c7b7", size = 1829889, upload-time = "2026-06-04T01:03:07.169Z" }
wheels = [
    { url = "https://files.pythonhosted.org/packages/d7/9f/0612f6272666784ee60bee890afd517641044e5f1cda76ce22252e61b4e1/typos-1.47.2-py3-none-macosx_10_12_x86_64.whl", hash = "sha256:87df3040f9d34afd9b19a9437045fbb8838a0435eb00f047e4bac48d92f2fc44", size = 3468120, upload-time = "2026-06-04T01:02:51.404Z" },
    { url = "https://files.pythonhosted.org/packages/4c/cc/9ecd96a40cf5e8aca68cc07c0b7e4a8d8d3376b19c5774a95aeded8a935f/typos-1.47.2-py3-none-macosx_11_0_arm64.whl", hash = "sha256:287e2718a058c561baf5f55ec6b466d9270546bcb1951a2c120e594c574b9597", size = 3379520, upload-time = "2026-06-04T01:02:53.117Z" },
    { url = "https://files.pythonhosted.org/packages/d9/6e/77d23f926d6f774d6939e24f9545db702e2ee359b21e38006337539d0903/typos-1.47.2-py3-none-manylinux_2_17_aarch64.manylinux2014_aarch64.whl", hash = "sha256:3e4ef6632b280ce237caaec38d80dd3c2d956e28aa6925f80d4e915335b94a36", size = 8242414, upload-time = "2026-06-04T01:02:55.443Z" },
    { url = "https://files.pythonhosted.org/packages/a2/fd/e292e2bde1144a135949cf6d5615e571eab7f0ff2ba6cca55c074b302dd1/typos-1.47.2-py3-none-manylinux_2_17_i686.manylinux2014_i686.whl", hash = "sha256:cd7b310019943e26552809bd17f9f202b45eb0c9694f437f1708ab0868248ced", size = 7327674, upload-time = "2026-06-04T01:02:57.243Z" },
    { url = "https://files.pythonhosted.org/packages/a7/58/b7a3f4df5ff9ddde7c9e42d29b4c0569662af5dbad3573eedc167cd8d1e1/typos-1.47.2-py3-none-manylinux_2_17_x86_64.manylinux2014_x86_64.whl", hash = "sha256:f525edf9b67d3ede552bb70bd4171f23e5e8edec3187189dfe8d1676df630b44", size = 7747368, upload-time = "2026-06-04T01:02:59.031Z" },
    { url = "https://files.pythonhosted.org/packages/78/18/758682974e36f5b77eb592807fd748ce1c4010509b4255f867433aa3e44f/typos-1.47.2-py3-none-musllinux_1_2_aarch64.whl", hash = "sha256:6c36a97ab3dd8c8924cd9b907a32e9aac504fc779d0c3b05e19204ca93385c37", size = 7097338, upload-time = "2026-06-04T01:03:00.932Z" },
    { url = "https://files.pythonhosted.org/packages/9d/b3/e6bccecd186d8f8c2d592baa7e1b17ef4f02a1e0a5ce4d7f53e9693fd3d9/typos-1.47.2-py3-none-musllinux_1_2_x86_64.whl", hash = "sha256:4eb36a44daed1d719ce417d2a6dd7a323d814ccdc647d9bb20d17ac2bed9e38c", size = 8136631, upload-time = "2026-06-04T01:03:02.744Z" },
    { url = "https://files.pythonhosted.org/packages/50/90/cceb1be7159dd020c0c9a93371b6444b8bdad7bce55bc7fa119e49d2c264/typos-1.47.2-py3-none-win32.whl", hash = "sha256:d0c01034bc029d8883406f3e2bed46dfa9b090ce6ad4a99e580070ae51307cfa", size = 3139942, upload-time = "2026-06-04T01:03:04.163Z" },
    { url = "https://files.pythonhosted.org/packages/82/0c/7c44ffabf6020d2fc456912bdcfb0d68102e05775fbc5cf82b88979be2ea/typos-1.47.2-py3-none-win_amd64.whl", hash = "sha256:749bbba363067bfc0e54ccc6e7580750e17f5ef093c91fedf6c2eb27d32efee6", size = 3311629, upload-time = "2026-06-04T01:03:05.718Z" },
]
